// !$*UTF8*$!
{
	archiveVersion = 1;
	classes = {
	};
	objectVersion = 56;
	objects = {

/* Begin PBXBuildFile section */
		671ACF942A00FB3600672CB4 /* CardGameApp.swift in Sources */ = {isa = PBXBuildFile; fileRef = 671ACF932A00FB3600672CB4 /* CardGameApp.swift */; };
		671ACF962A00FB3600672CB4 /* ContentView.swift in Sources */ = {isa = PBXBuildFile; fileRef = 671ACF952A00FB3600672CB4 /* ContentView.swift */; };
		671ACF9B2A00FB3700672CB4 /* Preview Assets.xcassets in Resources */ = {isa = PBXBuildFile; fileRef = 671ACF9A2A00FB3700672CB4 /* Preview Assets.xcassets */; };
		672640EA2A18E85200026E26 /* playstore.png in Resources */ = {isa = PBXBuildFile; fileRef = 672640E72A18E85200026E26 /* playstore.png */; };
		672640EB2A18E85200026E26 /* appstore.png in Resources */ = {isa = PBXBuildFile; fileRef = 672640E82A18E85200026E26 /* appstore.png */; };
		672640EC2A18E85200026E26 /* Assets.xcassets in Resources */ = {isa = PBXBuildFile; fileRef = 672640E92A18E85200026E26 /* Assets.xcassets */; };
		674436CF2A1BD1CE006F61EF /* SplashView.swift in Sources */ = {isa = PBXBuildFile; fileRef = 674436CE2A1BD1CE006F61EF /* SplashView.swift */; };
		675EEF6B2A05261100D11DE4 /* toggleView.swift in Sources */ = {isa = PBXBuildFile; fileRef = 675EEF6A2A05261100D11DE4 /* toggleView.swift */; };
/* End PBXBuildFile section */

/* Begin PBXFileReference section */
		671ACF902A00FB3600672CB4 /* CardGame.app */ = {isa = PBXFileReference; explicitFileType = wrapper.application; includeInIndex = 0; path = CardGame.app; sourceTree = BUILT_PRODUCTS_DIR; };
		671ACF932A00FB3600672CB4 /* CardGameApp.swift */ = {isa = PBXFileReference; lastKnownFileType = sourcecode.swift; path = CardGameApp.swift; sourceTree = "<group>"; };
		671ACF952A00FB3600672CB4 /* ContentView.swift */ = {isa = PBXFileReference; lastKnownFileType = sourcecode.swift; path = ContentView.swift; sourceTree = "<group>"; };
		671ACF9A2A00FB3700672CB4 /* Preview Assets.xcassets */ = {isa = PBXFileReference; lastKnownFileType = folder.assetcatalog; path = "Preview Assets.xcassets"; sourceTree = "<group>"; };
		672640E72A18E85200026E26 /* playstore.png */ = {isa = PBXFileReference; lastKnownFileType = image.png; path = playstore.png; sourceTree = "<group>"; };
		672640E82A18E85200026E26 /* appstore.png */ = {isa = PBXFileReference; lastKnownFileType = image.png; path = appstore.png; sourceTree = "<group>"; };
		672640E92A18E85200026E26 /* Assets.xcassets */ = {isa = PBXFileReference; lastKnownFileType = folder.assetcatalog; name = Assets.xcassets; path = "../../../AppIcons-2/Assets.xcassets"; sourceTree = "<group>"; };
		674436CE2A1BD1CE006F61EF /* SplashView.swift */ = {isa = PBXFileReference; lastKnownFileType = sourcecode.swift; path = SplashView.swift; sourceTree = "<group>"; };
		675EEF6A2A05261100D11DE4 /* toggleView.swift */ = {isa = PBXFileReference; lastKnownFileType = sourcecode.swift; path = toggleView.swift; sourceTree = "<group>"; };
/* End PBXFileReference section */

/* Begin PBXFrameworksBuildPhase section */
		671ACF8D2A00FB3600672CB4 /* Frameworks */ = {
			isa = PBXFrameworksBuildPhase;
			buildActionMask = 2147483647;
			files = (
			);
			runOnlyForDeploymentPostprocessing = 0;
		};
/* End PBXFrameworksBuildPhase section */

/* Begin PBXGroup section */
		671ACF872A00FB3600672CB4 = {
			isa = PBXGroup;
			children = (
				671ACF922A00FB3600672CB4 /* CardGame */,
				671ACF912A00FB3600672CB4 /* Products */,
			);
			sourceTree = "<group>";
		};
		671ACF912A00FB3600672CB4 /* Products */ = {
			isa = PBXGroup;
			children = (
				671ACF902A00FB3600672CB4 /* CardGame.app */,
			);
			name = Products;
			sourceTree = "<group>";
		};
		671ACF922A00FB3600672CB4 /* CardGame */ = {
			isa = PBXGroup;
			children = (
				671ACF932A00FB3600672CB4 /* CardGameApp.swift */,
				674436CE2A1BD1CE006F61EF /* SplashView.swift */,
				671ACF952A00FB3600672CB4 /* ContentView.swift */,
				671ACF992A00FB3700672CB4 /* Preview Content */,
				675EEF6A2A05261100D11DE4 /* toggleView.swift */,
				672640E82A18E85200026E26 /* appstore.png */,
				672640E92A18E85200026E26 /* Assets.xcassets */,
				672640E72A18E85200026E26 /* playstore.png */,
			);
			path = CardGame;
			sourceTree = "<group>";
		};
		671ACF992A00FB3700672CB4 /* Preview Content */ = {
			isa = PBXGroup;
			children = (
				671ACF9A2A00FB3700672CB4 /* Preview Assets.xcassets */,
			);
			path = "Preview Content";
			sourceTree = "<group>";
		};
/* End PBXGroup section */

/* Begin PBXNativeTarget section */
		671ACF8F2A00FB3600672CB4 /* CardGame */ = {
			isa = PBXNativeTarget;
			buildConfigurationList = 671ACF9E2A00FB3700672CB4 /* Build configuration list for PBXNativeTarget "CardGame" */;
			buildPhases = (
				671ACF8C2A00FB3600672CB4 /* Sources */,
				671ACF8D2A00FB3600672CB4 /* Frameworks */,
				671ACF8E2A00FB3600672CB4 /* Resources */,
			);
			buildRules = (
			);
			dependencies = (
			);
			name = CardGame;
			productName = CardGame;
			productReference = 671ACF902A00FB3600672CB4 /* CardGame.app */;
			productType = "com.apple.product-type.application";
		};
/* End PBXNativeTarget section */

/* Begin PBXProject section */
		671ACF882A00FB3600672CB4 /* Project object */ = {
			isa = PBXProject;
			attributes = {
				BuildIndependentTargetsInParallel = 1;
				LastSwiftUpdateCheck = 1420;
				LastUpgradeCheck = 1420;
				TargetAttributes = {
					671ACF8F2A00FB3600672CB4 = {
						CreatedOnToolsVersion = 14.2;
					};
				};
			};
			buildConfigurationList = 671ACF8B2A00FB3600672CB4 /* Build configuration list for PBXProject "CardGame" */;
			compatibilityVersion = "Xcode 14.0";
			developmentRegion = en;
			hasScannedForEncodings = 0;
			knownRegions = (
				en,
				Base,
			);
			mainGroup = 671ACF872A00FB3600672CB4;
			productRefGroup = 671ACF912A00FB3600672CB4 /* Products */;
			projectDirPath = "";
			projectRoot = "";
			targets = (
				671ACF8F2A00FB3600672CB4 /* CardGame */,
			);
		};
/* End PBXProject section */

/* Begin PBXResourcesBuildPhase section */
		671ACF8E2A00FB3600672CB4 /* Resources */ = {
			isa = PBXResourcesBuildPhase;
			buildActionMask = 2147483647;
			files = (
				671ACF9B2A00FB3700672CB4 /* Preview Assets.xcassets in Resources */,
				672640EB2A18E85200026E26 /* appstore.png in Resources */,
				672640EC2A18E85200026E26 /* Assets.xcassets in Resources */,
				672640EA2A18E85200026E26 /* playstore.png in Resources */,
			);
			runOnlyForDeploymentPostprocessing = 0;
		};
/* End PBXResourcesBuildPhase section */

/* Begin PBXSourcesBuildPhase section */
		671ACF8C2A00FB3600672CB4 /* Sources */ = {
			isa = PBXSourcesBuildPhase;
			buildActionMask = 2147483647;
			files = (
				671ACF962A00FB3600672CB4 /* ContentView.swift in Sources */,
				674436CF2A1BD1CE006F61EF /* SplashView.swift in Sources */,
				671ACF942A00FB3600672CB4 /* CardGameApp.swift in Sources */,
				675EEF6B2A05261100D11DE4 /* toggleView.swift in Sources */,
			);
			runOnlyForDeploymentPostprocessing = 0;
		};
/* End PBXSourcesBuildPhase section */

/* Begin XCBuildConfiguration section */
		671ACF9C2A00FB3700672CB4 /* Debug */ = {
			isa = XCBuildConfiguration;
			buildSettings = {
				ALWAYS_SEARCH_USER_PATHS = NO;
				CLANG_ANALYZER_NONNULL = YES;
				CLANG_ANALYZER_NUMBER_OBJECT_CONVERSION = YES_AGGRESSIVE;
				CLANG_CXX_LANGUAGE_STANDARD = "gnu++20";
				CLANG_ENABLE_MODULES = YES;
				CLANG_ENABLE_OBJC_ARC = YES;
				CLANG_ENABLE_OBJC_WEAK = YES;
				CLANG_WARN_BLOCK_CAPTURE_AUTORELEASING = YES;
				CLANG_WARN_BOOL_CONVERSION = YES;
				CLANG_WARN_COMMA = YES;
				CLANG_WARN_CONSTANT_CONVERSION = YES;
				CLANG_WARN_DEPRECATED_OBJC_IMPLEMENTATIONS = YES;
				CLANG_WARN_DIRECT_OBJC_ISA_USAGE = YES_ERROR;
				CLANG_WARN_DOCUMENTATION_COMMENTS = YES;
				CLANG_WARN_EMPTY_BODY = YES;
				CLANG_WARN_ENUM_CONVERSION = YES;
				CLANG_WARN_INFINITE_RECURSION = YES;
				CLANG_WARN_INT_CONVERSION = YES;
				CLANG_WARN_NON_LITERAL_NULL_CONVERSION = YES;
				CLANG_WARN_OBJC_IMPLICIT_RETAIN_SELF = YES;
				CLANG_WARN_OBJC_LITERAL_CONVERSION = YES;
				CLANG_WARN_OBJC_ROOT_CLASS = YES_ERROR;
				CLANG_WARN_QUOTED_INCLUDE_IN_FRAMEWORK_HEADER = YES;
				CLANG_WARN_RANGE_LOOP_ANALYSIS = YES;
				CLANG_WARN_STRICT_PROTOTYPES = YES;
				CLANG_WARN_SUSPICIOUS_MOVE = YES;
				CLANG_WARN_UNGUARDED_AVAILABILITY = YES_AGGRESSIVE;
				CLANG_WARN_UNREACHABLE_CODE = YES;
				CLANG_WARN__DUPLICATE_METHOD_MATCH = YES;
				COPY_PHASE_STRIP = NO;
				DEBUG_INFORMATION_FORMAT = dwarf;
				ENABLE_STRICT_OBJC_MSGSEND = YES;
				ENABLE_TESTABILITY = YES;
				GCC_C_LANGUAGE_STANDARD = gnu11;
				GCC_DYNAMIC_NO_PIC = NO;
				GCC_NO_COMMON_BLOCKS = YES;
				GCC_OPTIMIZATION_LEVEL = 0;
				GCC_PREPROCESSOR_DEFINITIONS = (
					"DEBUG=1",
					"$(inherited)",
				);
				GCC_WARN_64_TO_32_BIT_CONVERSION = YES;
				GCC_WARN_ABOUT_RETURN_TYPE = YES_ERROR;
				GCC_WARN_UNDECLARED_SELECTOR = YES;
				GCC_WARN_UNINITIALIZED_AUTOS = YES_AGGRESSIVE;
				GCC_WARN_UNUSED_FUNCTION = YES;
				GCC_WARN_UNUSED_VARIABLE = YES;
				IPHONEOS_DEPLOYMENT_TARGET = 14.0;
				MTL_ENABLE_DEBUG_INFO = INCLUDE_SOURCE;
				MTL_FAST_MATH = YES;
				ONLY_ACTIVE_ARCH = YES;
				SDKROOT = iphoneos;
				SWIFT_ACTIVE_COMPILATION_CONDITIONS = DEBUG;
				SWIFT_OPTIMIZATION_LEVEL = "-Onone";
			};
			name = Debug;
		};
		671ACF9D2A00FB3700672CB4 /* Release */ = {
			isa = XCBuildConfiguration;
			buildSettings = {
				ALWAYS_SEARCH_USER_PATHS = NO;
				CLANG_ANALYZER_NONNULL = YES;
				CLANG_ANALYZER_NUMBER_OBJECT_CONVERSION = YES_AGGRESSIVE;
				CLANG_CXX_LANGUAGE_STANDARD = "gnu++20";
				CLANG_ENABLE_MODULES = YES;
				CLANG_ENABLE_OBJC_ARC = YES;
				CLANG_ENABLE_OBJC_WEAK = YES;
				CLANG_WARN_BLOCK_CAPTURE_AUTORELEASING = YES;
				CLANG_WARN_BOOL_CONVERSION = YES;
				CLANG_WARN_COMMA = YES;
				CLANG_WARN_CONSTANT_CONVERSION = YES;
				CLANG_WARN_DEPRECATED_OBJC_IMPLEMENTATIONS = YES;
				CLANG_WARN_DIRECT_OBJC_ISA_USAGE = YES_ERROR;
				CLANG_WARN_DOCUMENTATION_COMMENTS = YES;
				CLANG_WARN_EMPTY_BODY = YES;
				CLANG_WARN_ENUM_CONVERSION = YES;
				CLANG_WARN_INFINITE_RECURSION = YES;
				CLANG_WARN_INT_CONVERSION = YES;
				CLANG_WARN_NON_LITERAL_NULL_CONVERSION = YES;
				CLANG_WARN_OBJC_IMPLICIT_RETAIN_SELF = YES;
				CLANG_WARN_OBJC_LITERAL_CONVERSION = YES;
				CLANG_WARN_OBJC_ROOT_CLASS = YES_ERROR;
				CLANG_WARN_QUOTED_INCLUDE_IN_FRAMEWORK_HEADER = YES;
				CLANG_WARN_RANGE_LOOP_ANALYSIS = YES;
				CLANG_WARN_STRICT_PROTOTYPES = YES;
				CLANG_WARN_SUSPICIOUS_MOVE = YES;
				CLANG_WARN_UNGUARDED_AVAILABILITY = YES_AGGRESSIVE;
				CLANG_WARN_UNREACHABLE_CODE = YES;
				CLANG_WARN__DUPLICATE_METHOD_MATCH = YES;
				COPY_PHASE_STRIP = NO;
				DEBUG_INFORMATION_FORMAT = "dwarf-with-dsym";
				ENABLE_NS_ASSERTIONS = NO;
				ENABLE_STRICT_OBJC_MSGSEND = YES;
				GCC_C_LANGUAGE_STANDARD = gnu11;
				GCC_NO_COMMON_BLOCKS = YES;
				GCC_WARN_64_TO_32_BIT_CONVERSION = YES;
				GCC_WARN_ABOUT_RETURN_TYPE = YES_ERROR;
				GCC_WARN_UNDECLARED_SELECTOR = YES;
				GCC_WARN_UNINITIALIZED_AUTOS = YES_AGGRESSIVE;
				GCC_WARN_UNUSED_FUNCTION = YES;
				GCC_WARN_UNUSED_VARIABLE = YES;
				IPHONEOS_DEPLOYMENT_TARGET = 14.0;
				MTL_ENABLE_DEBUG_INFO = NO;
				MTL_FAST_MATH = YES;
				SDKROOT = iphoneos;
				SWIFT_COMPILATION_MODE = wholemodule;
				SWIFT_OPTIMIZATION_LEVEL = "-O";
				VALIDATE_PRODUCT = YES;
			};
			name = Release;
		};
		671ACF9F2A00FB3700672CB4 /* Debug */ = {
			isa = XCBuildConfiguration;
			buildSettings = {
				ASSETCATALOG_COMPILER_APPICON_NAME = AppIcon;
				ASSETCATALOG_COMPILER_GLOBAL_ACCENT_COLOR_NAME = AccentColor;
				CODE_SIGN_STYLE = Automatic;
				CURRENT_PROJECT_VERSION = 1;
				DEVELOPMENT_ASSET_PATHS = "\"CardGame/Preview Content\"";
				DEVELOPMENT_TEAM = 659FLGR7LF;
				ENABLE_PREVIEWS = YES;
				GENERATE_INFOPLIST_FILE = YES;
				INFOPLIST_KEY_CFBundleDisplayName = "Serefe: Party Game";
				INFOPLIST_KEY_LSApplicationCategoryType = "public.app-category.card-games";
				INFOPLIST_KEY_UIApplicationSceneManifest_Generation = YES;
				INFOPLIST_KEY_UIApplicationSupportsIndirectInputEvents = YES;
				INFOPLIST_KEY_UILaunchScreen_Generation = YES;
				INFOPLIST_KEY_UISupportedInterfaceOrientations = UIInterfaceOrientationPortrait;
				INFOPLIST_KEY_UISupportedInterfaceOrientations_iPad = "UIInterfaceOrientationLandscapeLeft UIInterfaceOrientationLandscapeRight UIInterfaceOrientationPortrait UIInterfaceOrientationPortraitUpsideDown";
				LD_RUNPATH_SEARCH_PATHS = (
					"$(inherited)",
					"@executable_path/Frameworks",
				);
				MARKETING_VERSION = 1.0;
				PRODUCT_BUNDLE_IDENTIFIER = com.aos.CardGame;
				PRODUCT_NAME = "$(TARGET_NAME)";
				SWIFT_EMIT_LOC_STRINGS = YES;
				SWIFT_VERSION = 5.0;
				TARGETED_DEVICE_FAMILY = 1;
			};
			name = Debug;
		};
		671ACFA02A00FB3700672CB4 /* Release */ = {
			isa = XCBuildConfiguration;
			buildSettings = {
				ASSETCATALOG_COMPILER_APPICON_NAME = AppIcon;
				ASSETCATALOG_COMPILER_GLOBAL_ACCENT_COLOR_NAME = AccentColor;
				CODE_SIGN_STYLE = Automatic;
				CURRENT_PROJECT_VERSION = 1;
				DEVELOPMENT_ASSET_PATHS = "\"CardGame/Preview Content\"";
				DEVELOPMENT_TEAM = 659FLGR7LF;
				ENABLE_PREVIEWS = YES;
				GENERATE_INFOPLIST_FILE = YES;
				INFOPLIST_KEY_CFBundleDisplayName = "Serefe: Party Game";
				INFOPLIST_KEY_LSApplicationCategoryType = "public.app-category.card-games";
				INFOPLIST_KEY_UIApplicationSceneManifest_Generation = YES;
				INFOPLIST_KEY_UIApplicationSupportsIndirectInputEvents = YES;
				INFOPLIST_KEY_UILaunchScreen_Generation = YES;
				INFOPLIST_KEY_UISupportedInterfaceOrientations = UIInterfaceOrientationPortrait;
				INFOPLIST_KEY_UISupportedInterfaceOrientations_iPad = "UIInterfaceOrientationLandscapeLeft UIInterfaceOrientationLandscapeRight UIInterfaceOrientationPortrait UIInterfaceOrientationPortraitUpsideDown";
				LD_RUNPATH_SEARCH_PATHS = (
					"$(inherited)",
					"@executable_path/Frameworks",
				);
				MARKETING_VERSION = 1.0;
				PRODUCT_BUNDLE_IDENTIFIER = com.aos.CardGame;
				PRODUCT_NAME = "$(TARGET_NAME)";
				SWIFT_EMIT_LOC_STRINGS = YES;
				SWIFT_VERSION = 5.0;
				TARGETED_DEVICE_FAMILY = 1;
			};
			name = Release;
		};
/* End XCBuildConfiguration section */

/* Begin XCConfigurationList section */
		671ACF8B2A00FB3600672CB4 /* Build configuration list for PBXProject "CardGame" */ = {
			isa = XCConfigurationList;
			buildConfigurations = (
				671ACF9C2A00FB3700672CB4 /* Debug */,
				671ACF9D2A00FB3700672CB4 /* Release */,
			);
			defaultConfigurationIsVisible = 0;
			defaultConfigurationName = Release;
		};
		671ACF9E2A00FB3700672CB4 /* Build configuration list for PBXNativeTarget "CardGame" */ = {
			isa = XCConfigurationList;
			buildConfigurations = (
				671ACF9F2A00FB3700672CB4 /* Debug */,
				671ACFA02A00FB3700672CB4 /* Release */,
			);
			defaultConfigurationIsVisible = 0;
			defaultConfigurationName = Release;
		};
/* End XCConfigurationList section */
	};
	rootObject = 671ACF882A00FB3600672CB4 /* Project object */;
}
